// !$*UTF8*$!
{
	archiveVersion = 1;
	classes = {
	};
	objectVersion = 46;
	objects = {

/* Begin PBXFileReference section */
		C15A46EE1BFE24F900A756D2 /* Decompressor.cpp */ = {isa = PBXFileReference; fileEncoding = 4; lastKnownFileType = sourcecode.cpp.cpp; name = Decompressor.cpp; path = src/tools/Decompressor.cpp; sourceTree = "<group>"; };
		C15A46EF1BFE24F900A756D2 /* Decompressor.hpp */ = {isa = PBXFileReference; fileEncoding = 4; lastKnownFileType = sourcecode.cpp.h; name = Decompressor.hpp; path = src/tools/Decompressor.hpp; sourceTree = "<group>"; };
		C15A46F11BFE265400A756D2 /* DecompressorSource.cpp */ = {isa = PBXFileReference; lastKnownFileType = sourcecode.cpp.cpp; name = DecompressorSource.cpp; path = src/tools/DecompressorSource.cpp; sourceTree = "<group>"; };
		C15A46F21BFE265400A756D2 /* DecompressorSource.hpp */ = {isa = PBXFileReference; lastKnownFileType = sourcecode.cpp.h; name = DecompressorSource.hpp; path = src/tools/DecompressorSource.hpp; sourceTree = "<group>"; };
		C15A46F41BFE366900A756D2 /* Makefile */ = {isa = PBXFileReference; explicitFileType = sourcecode.make; fileEncoding = 4; path = Makefile; sourceTree = "<group>"; usesTabs = 1; };
		C15A46F51BFE36B400A756D2 /* Makefile */ = {isa = PBXFileReference; explicitFileType = sourcecode.make; fileEncoding = 4; name = Makefile; path = src/tools/Makefile; sourceTree = "<group>"; usesTabs = 1; };
		C15A46F61BFE36F300A756D2 /* defaults.mk */ = {isa = PBXFileReference; fileEncoding = 4; lastKnownFileType = text; name = defaults.mk; path = src/defaults.mk; sourceTree = "<group>"; };
		C15A46F81BFE3D0B00A756D2 /* test_decompressormemorysource.cpp */ = {isa = PBXFileReference; lastKnownFileType = sourcecode.cpp.cpp; name = test_decompressormemorysource.cpp; path = src/tests/test_decompressormemorysource.cpp; sourceTree = "<group>"; };
		C15A46FA1BFE3D3800A756D2 /* Makefile */ = {isa = PBXFileReference; fileEncoding = 4; lastKnownFileType = sourcecode.make; name = Makefile; path = src/tests/Makefile; sourceTree = "<group>"; usesTabs = 1; wrapsLines = 0; };
		C15A46FB1BFE4FDE00A756D2 /* LzsDecompressor.cpp */ = {isa = PBXFileReference; lastKnownFileType = sourcecode.cpp.cpp; name = LzsDecompressor.cpp; path = src/tools/LzsDecompressor.cpp; sourceTree = "<group>"; };
		C15A46FC1BFE4FDE00A756D2 /* LzsDecompressor.hpp */ = {isa = PBXFileReference; lastKnownFileType = sourcecode.cpp.h; name = LzsDecompressor.hpp; path = src/tools/LzsDecompressor.hpp; sourceTree = "<group>"; };
		C15A46FD1BFE5DEB00A756D2 /* test_lzsdecompressor.cpp */ = {isa = PBXFileReference; lastKnownFileType = sourcecode.cpp.cpp; name = test_lzsdecompressor.cpp; path = src/tests/test_lzsdecompressor.cpp; sourceTree = "<group>"; };
		C15A46FE1BFE7E1C00A756D2 /* README.md */ = {isa = PBXFileReference; fileEncoding = 4; lastKnownFileType = net.daringfireball.markdown; path = README.md; sourceTree = "<group>"; };
		C15A46FF1BFE7E1C00A756D2 /* LICENSE */ = {isa = PBXFileReference; fileEncoding = 4; lastKnownFileType = text; path = LICENSE; sourceTree = "<group>"; };
		C15A47011BFE85DB00A756D2 /* Sci32ResourceFileScanner.cpp */ = {isa = PBXFileReference; lastKnownFileType = sourcecode.cpp.cpp; name = Sci32ResourceFileScanner.cpp; path = src/sci/Sci32ResourceFileScanner.cpp; sourceTree = "<group>"; };
		C15A47021BFE85DB00A756D2 /* Sci32ResourceFileScanner.hpp */ = {isa = PBXFileReference; lastKnownFileType = sourcecode.cpp.h; name = Sci32ResourceFileScanner.hpp; path = src/sci/Sci32ResourceFileScanner.hpp; sourceTree = "<group>"; };
		C15A47031BFE87D100A756D2 /* Makefile */ = {isa = PBXFileReference; fileEncoding = 4; lastKnownFileType = sourcecode.make; name = Makefile; path = src/sci/Makefile; sourceTree = "<group>"; usesTabs = 1; };
		C15A47041BFE88A100A756D2 /* ResourceScanner.cpp */ = {isa = PBXFileReference; lastKnownFileType = sourcecode.cpp.cpp; name = ResourceScanner.cpp; path = src/ResourceScanner.cpp; sourceTree = "<group>"; };
		C15A47051BFE8F6D00A756D2 /* ResourceExtractor.cpp */ = {isa = PBXFileReference; lastKnownFileType = sourcecode.cpp.cpp; name = ResourceExtractor.cpp; path = src/ResourceExtractor.cpp; sourceTree = "<group>"; };
		C15A47071BFEBE5900A756D2 /* picture.txt */ = {isa = PBXFileReference; fileEncoding = 4; lastKnownFileType = text; name = picture.txt; path = docs/picture.txt; sourceTree = "<group>"; };
		C15A47081BFECFF600A756D2 /* resource.txt */ = {isa = PBXFileReference; fileEncoding = 4; lastKnownFileType = text; name = resource.txt; path = docs/resource.txt; sourceTree = "<group>"; };
		C15A47091BFED22A00A756D2 /* references.txt */ = {isa = PBXFileReference; fileEncoding = 4; lastKnownFileType = text; name = references.txt; path = docs/references.txt; sourceTree = "<group>"; };
		C15A470B1BFF638A00A756D2 /* instructions.inc */ = {isa = PBXFileReference; fileEncoding = 4; lastKnownFileType = sourcecode.pascal; name = instructions.inc; path = src/vm/instructions.inc; sourceTree = "<group>"; };
		C15A470D1BFF7A7A00A756D2 /* Palette.cpp */ = {isa = PBXFileReference; lastKnownFileType = sourcecode.cpp.cpp; name = Palette.cpp; path = src/graphics/Palette.cpp; sourceTree = "<group>"; };
		C15A470E1BFF7A7A00A756D2 /* Palette.hpp */ = {isa = PBXFileReference; lastKnownFileType = sourcecode.cpp.h; name = Palette.hpp; path = src/graphics/Palette.hpp; sourceTree = "<group>"; };
		C15A470F1BFF7B9000A756D2 /* Makefile */ = {isa = PBXFileReference; fileEncoding = 4; lastKnownFileType = sourcecode.make; name = Makefile; path = src/graphics/Makefile; sourceTree = "<group>"; usesTabs = 1; };
		C15A47101BFF7C0800A756D2 /* Color.cpp */ = {isa = PBXFileReference; lastKnownFileType = sourcecode.cpp.cpp; name = Color.cpp; path = src/graphics/Color.cpp; sourceTree = "<group>"; };
		C15A47111BFF7C0800A756D2 /* Color.hpp */ = {isa = PBXFileReference; lastKnownFileType = sourcecode.cpp.h; name = Color.hpp; path = src/graphics/Color.hpp; sourceTree = "<group>"; };
		C15A47121BFF7D4600A756D2 /* PixelBuffer.cpp */ = {isa = PBXFileReference; lastKnownFileType = sourcecode.cpp.cpp; name = PixelBuffer.cpp; path = src/graphics/PixelBuffer.cpp; sourceTree = "<group>"; };
		C15A47131BFF7D4600A756D2 /* PixelBuffer.hpp */ = {isa = PBXFileReference; lastKnownFileType = sourcecode.cpp.h; name = PixelBuffer.hpp; path = src/graphics/PixelBuffer.hpp; sourceTree = "<group>"; };
		C15A47141BFF844E00A756D2 /* Image.cpp */ = {isa = PBXFileReference; lastKnownFileType = sourcecode.cpp.cpp; name = Image.cpp; path = src/graphics/Image.cpp; sourceTree = "<group>"; };
		C15A47151BFF844E00A756D2 /* Image.hpp */ = {isa = PBXFileReference; lastKnownFileType = sourcecode.cpp.h; name = Image.hpp; path = src/graphics/Image.hpp; sourceTree = "<group>"; };
		C15A47161BFF860000A756D2 /* Sci32Picture.cpp */ = {isa = PBXFileReference; lastKnownFileType = sourcecode.cpp.cpp; name = Sci32Picture.cpp; path = src/sci/Sci32Picture.cpp; sourceTree = "<group>"; };
		C15A47171BFF860000A756D2 /* Sci32Picture.hpp */ = {isa = PBXFileReference; lastKnownFileType = sourcecode.cpp.h; name = Sci32Picture.hpp; path = src/sci/Sci32Picture.hpp; sourceTree = "<group>"; };
		C15A47181BFF87D100A756D2 /* Sci32PictureCel.cpp */ = {isa = PBXFileReference; lastKnownFileType = sourcecode.cpp.cpp; name = Sci32PictureCel.cpp; path = src/sci/Sci32PictureCel.cpp; sourceTree = "<group>"; };
		C15A47191BFF87D100A756D2 /* Sci32PictureCel.hpp */ = {isa = PBXFileReference; lastKnownFileType = sourcecode.cpp.h; name = Sci32PictureCel.hpp; path = src/sci/Sci32PictureCel.hpp; sourceTree = "<group>"; };
		C15A471A1BFFCB3E00A756D2 /* test_decompressorfilesource.cpp */ = {isa = PBXFileReference; lastKnownFileType = sourcecode.cpp.cpp; name = test_decompressorfilesource.cpp; path = src/tests/test_decompressorfilesource.cpp; sourceTree = "<group>"; };
		C15A471B1BFFD7FC00A756D2 /* ResourceManager.cpp */ = {isa = PBXFileReference; lastKnownFileType = sourcecode.cpp.cpp; name = ResourceManager.cpp; path = src/sci/ResourceManager.cpp; sourceTree = "<group>"; };
		C15A471C1BFFD7FC00A756D2 /* ResourceManager.hpp */ = {isa = PBXFileReference; lastKnownFileType = sourcecode.cpp.h; name = ResourceManager.hpp; path = src/sci/ResourceManager.hpp; sourceTree = "<group>"; };
		C15A471F1BFFE0FE00A756D2 /* Reader.hpp */ = {isa = PBXFileReference; lastKnownFileType = sourcecode.cpp.h; name = Reader.hpp; path = src/io/Reader.hpp; sourceTree = "<group>"; };
		C15A47201BFFE4CF00A756D2 /* Sci32PictureLoader.cpp */ = {isa = PBXFileReference; lastKnownFileType = sourcecode.cpp.cpp; name = Sci32PictureLoader.cpp; path = src/sci/Sci32PictureLoader.cpp; sourceTree = "<group>"; };
		C15A47211BFFE4CF00A756D2 /* Sci32PictureLoader.hpp */ = {isa = PBXFileReference; lastKnownFileType = sourcecode.cpp.h; name = Sci32PictureLoader.hpp; path = src/sci/Sci32PictureLoader.hpp; sourceTree = "<group>"; };
		C15A47221C00CFD000A756D2 /* ImageSaver.cpp */ = {isa = PBXFileReference; lastKnownFileType = sourcecode.cpp.cpp; name = ImageSaver.cpp; path = src/graphics/ImageSaver.cpp; sourceTree = "<group>"; };
		C15A47231C00CFD000A756D2 /* ImageSaver.hpp */ = {isa = PBXFileReference; lastKnownFileType = sourcecode.cpp.h; name = ImageSaver.hpp; path = src/graphics/ImageSaver.hpp; sourceTree = "<group>"; };
		C15A47241C02592E00A756D2 /* view.txt */ = {isa = PBXFileReference; fileEncoding = 4; lastKnownFileType = text; name = view.txt; path = docs/view.txt; sourceTree = "<group>"; };
		C15A47251C03B71200A756D2 /* Endians.cpp */ = {isa = PBXFileReference; lastKnownFileType = sourcecode.cpp.cpp; name = Endians.cpp; path = src/tools/Endians.cpp; sourceTree = "<group>"; };
		C15A47261C03B71200A756D2 /* Endians.hpp */ = {isa = PBXFileReference; lastKnownFileType = sourcecode.cpp.h; name = Endians.hpp; path = src/tools/Endians.hpp; sourceTree = "<group>"; };
		C15A47271C04C97A00A756D2 /* Sci32View.cpp */ = {isa = PBXFileReference; lastKnownFileType = sourcecode.cpp.cpp; name = Sci32View.cpp; path = src/sci/Sci32View.cpp; sourceTree = "<group>"; };
		C15A47281C04C97A00A756D2 /* Sci32View.hpp */ = {isa = PBXFileReference; lastKnownFileType = sourcecode.cpp.h; name = Sci32View.hpp; path = src/sci/Sci32View.hpp; sourceTree = "<group>"; };
		C15A47291C04CB1E00A756D2 /* Sci32ViewCel.cpp */ = {isa = PBXFileReference; lastKnownFileType = sourcecode.cpp.cpp; name = Sci32ViewCel.cpp; path = src/sci/Sci32ViewCel.cpp; sourceTree = "<group>"; };
		C15A472A1C04CB1E00A756D2 /* Sci32ViewCel.hpp */ = {isa = PBXFileReference; lastKnownFileType = sourcecode.cpp.h; name = Sci32ViewCel.hpp; path = src/sci/Sci32ViewCel.hpp; sourceTree = "<group>"; };
		C15A472B1C04CB4D00A756D2 /* Sci32Cel.cpp */ = {isa = PBXFileReference; lastKnownFileType = sourcecode.cpp.cpp; name = Sci32Cel.cpp; path = src/sci/Sci32Cel.cpp; sourceTree = "<group>"; };
		C15A472C1C04CB4D00A756D2 /* Sci32Cel.hpp */ = {isa = PBXFileReference; lastKnownFileType = sourcecode.cpp.h; name = Sci32Cel.hpp; path = src/sci/Sci32Cel.hpp; sourceTree = "<group>"; };
		C15A472D1C04D04700A756D2 /* Sci32ViewLoader.cpp */ = {isa = PBXFileReference; lastKnownFileType = sourcecode.cpp.cpp; name = Sci32ViewLoader.cpp; path = src/sci/Sci32ViewLoader.cpp; sourceTree = "<group>"; };
		C15A472E1C04D04700A756D2 /* Sci32ViewLoader.hpp */ = {isa = PBXFileReference; lastKnownFileType = sourcecode.cpp.h; name = Sci32ViewLoader.hpp; path = src/sci/Sci32ViewLoader.hpp; sourceTree = "<group>"; };
		C15A472F1C04F4C600A756D2 /* Sci32PaletteLoader.cpp */ = {isa = PBXFileReference; lastKnownFileType = sourcecode.cpp.cpp; name = Sci32PaletteLoader.cpp; path = src/sci/Sci32PaletteLoader.cpp; sourceTree = "<group>"; };
		C15A47301C04F4C600A756D2 /* Sci32PaletteLoader.hpp */ = {isa = PBXFileReference; lastKnownFileType = sourcecode.cpp.h; name = Sci32PaletteLoader.hpp; path = src/sci/Sci32PaletteLoader.hpp; sourceTree = "<group>"; };
		C15A47311C0521F000A756D2 /* script.txt */ = {isa = PBXFileReference; fileEncoding = 4; lastKnownFileType = text; name = script.txt; path = docs/script.txt; sourceTree = "<group>"; };
		C15A47321C055E5200A756D2 /* createops.cpp */ = {isa = PBXFileReference; lastKnownFileType = sourcecode.cpp.cpp; name = createops.cpp; path = src/vm/createops.cpp; sourceTree = "<group>"; };
		C15A47331C0564D500A756D2 /* Instruction.cpp */ = {isa = PBXFileReference; lastKnownFileType = sourcecode.cpp.cpp; name = Instruction.cpp; path = src/vm/Instruction.cpp; sourceTree = "<group>"; };
		C15A47341C0564D500A756D2 /* Instruction.hpp */ = {isa = PBXFileReference; lastKnownFileType = sourcecode.cpp.h; name = Instruction.hpp; path = src/vm/Instruction.hpp; sourceTree = "<group>"; };
		C15A47351C05683200A756D2 /* Makefile */ = {isa = PBXFileReference; fileEncoding = 4; lastKnownFileType = sourcecode.make; name = Makefile; path = src/vm/Makefile; sourceTree = "<group>"; usesTabs = 1; wrapsLines = 0; };
		C15A47361C05F87400A756D2 /* Sci32Script.cpp */ = {isa = PBXFileReference; lastKnownFileType = sourcecode.cpp.cpp; name = Sci32Script.cpp; path = src/sci/Sci32Script.cpp; sourceTree = "<group>"; };
		C15A47371C05F87400A756D2 /* Sci32Script.hpp */ = {isa = PBXFileReference; lastKnownFileType = sourcecode.cpp.h; name = Sci32Script.hpp; path = src/sci/Sci32Script.hpp; sourceTree = "<group>"; };
		C15A47381C0602A400A756D2 /* Sci32ScriptLoader.cpp */ = {isa = PBXFileReference; lastKnownFileType = sourcecode.cpp.cpp; name = Sci32ScriptLoader.cpp; path = src/sci/Sci32ScriptLoader.cpp; sourceTree = "<group>"; };
		C15A47391C0602A400A756D2 /* Sci32ScriptLoader.hpp */ = {isa = PBXFileReference; lastKnownFileType = sourcecode.cpp.h; name = Sci32ScriptLoader.hpp; path = src/sci/Sci32ScriptLoader.hpp; sourceTree = "<group>"; };
		C15A473A1C0604B100A756D2 /* Sci32ScriptWriter.cpp */ = {isa = PBXFileReference; lastKnownFileType = sourcecode.cpp.cpp; name = Sci32ScriptWriter.cpp; path = src/sci/Sci32ScriptWriter.cpp; sourceTree = "<group>"; wrapsLines = 0; };
		C15A473B1C0604B100A756D2 /* Sci32ScriptWriter.hpp */ = {isa = PBXFileReference; lastKnownFileType = sourcecode.cpp.h; name = Sci32ScriptWriter.hpp; path = src/sci/Sci32ScriptWriter.hpp; sourceTree = "<group>"; };
		C15A473C1C06592400A756D2 /* VM.cpp */ = {isa = PBXFileReference; lastKnownFileType = sourcecode.cpp.cpp; name = VM.cpp; path = src/vm/VM.cpp; sourceTree = "<group>"; };
		C15A473D1C06592400A756D2 /* VM.hpp */ = {isa = PBXFileReference; lastKnownFileType = sourcecode.cpp.h; name = VM.hpp; path = src/vm/VM.hpp; sourceTree = "<group>"; };
		C15A473E1C065C7300A756D2 /* test_vm.cpp */ = {isa = PBXFileReference; lastKnownFileType = sourcecode.cpp.cpp; name = test_vm.cpp; path = src/tests/test_vm.cpp; sourceTree = "<group>"; };
		C15A47431C0CB06F00A756D2 /* MemoryManager.cpp */ = {isa = PBXFileReference; lastKnownFileType = sourcecode.cpp.cpp; name = MemoryManager.cpp; path = src/vm/MemoryManager.cpp; sourceTree = "<group>"; };
		C15A47441C0CB06F00A756D2 /* MemoryManager.hpp */ = {isa = PBXFileReference; lastKnownFileType = sourcecode.cpp.h; name = MemoryManager.hpp; path = src/vm/MemoryManager.hpp; sourceTree = "<group>"; };
		C15A47451C0CFE7C00A756D2 /* test_memorymanager.cpp */ = {isa = PBXFileReference; lastKnownFileType = sourcecode.cpp.cpp; name = test_memorymanager.cpp; path = src/tests/test_memorymanager.cpp; sourceTree = "<group>"; };
		C15A47471C0E026800A756D2 /* BitWiseTrie.cpp */ = {isa = PBXFileReference; lastKnownFileType = sourcecode.cpp.cpp; name = BitWiseTrie.cpp; path = src/utils/BitWiseTrie.cpp; sourceTree = "<group>"; };
		C15A47481C0E026800A756D2 /* BitWiseTrie.hpp */ = {isa = PBXFileReference; lastKnownFileType = sourcecode.cpp.h; name = BitWiseTrie.hpp; path = src/utils/BitWiseTrie.hpp; sourceTree = "<group>"; };
		C15A47491C0E10C000A756D2 /* Makefile */ = {isa = PBXFileReference; fileEncoding = 4; lastKnownFileType = sourcecode.make; name = Makefile; path = src/utils/Makefile; sourceTree = "<group>"; usesTabs = 1; wrapsLines = 0; };
		C15A474A1C0E119A00A756D2 /* test_bitwisetrie.cpp */ = {isa = PBXFileReference; lastKnownFileType = sourcecode.cpp.cpp; name = test_bitwisetrie.cpp; path = src/tests/test_bitwisetrie.cpp; sourceTree = "<group>"; };
		C15A474B1C0E23E000A756D2 /* BitWiseTrie2.cpp */ = {isa = PBXFileReference; lastKnownFileType = sourcecode.cpp.cpp; name = BitWiseTrie2.cpp; path = src/utils/BitWiseTrie2.cpp; sourceTree = "<group>"; };
		C15A474C1C0E23E000A756D2 /* BitWiseTrie2.hpp */ = {isa = PBXFileReference; lastKnownFileType = sourcecode.cpp.h; name = BitWiseTrie2.hpp; path = src/utils/BitWiseTrie2.hpp; sourceTree = "<group>"; };
		C15A474D1C0E276700A756D2 /* test_bitwisetrie2.cpp */ = {isa = PBXFileReference; lastKnownFileType = sourcecode.cpp.cpp; name = test_bitwisetrie2.cpp; path = src/tests/test_bitwisetrie2.cpp; sourceTree = "<group>"; };
		C15A474E1C0EAE4900A756D2 /* Binary.cpp */ = {isa = PBXFileReference; lastKnownFileType = sourcecode.cpp.cpp; name = Binary.cpp; path = src/tools/Binary.cpp; sourceTree = "<group>"; };
		C15A474F1C0EAE4900A756D2 /* Binary.hpp */ = {isa = PBXFileReference; lastKnownFileType = sourcecode.cpp.h; name = Binary.hpp; path = src/tools/Binary.hpp; sourceTree = "<group>"; };
/* End PBXFileReference section */

/* Begin PBXGroup section */
		C15A46E31BFE247A00A756D2 = {
			isa = PBXGroup;
			children = (
				C15A47461C0E023C00A756D2 /* utils */,
				C15A471D1BFFE0AB00A756D2 /* io */,
				C15A470C1BFF7A5500A756D2 /* graphics */,
				C15A470A1BFF631700A756D2 /* vm */,
				C15A47061BFEBE3400A756D2 /* docs */,
				C15A47051BFE8F6D00A756D2 /* ResourceExtractor.cpp */,
				C15A47041BFE88A100A756D2 /* ResourceScanner.cpp */,
				C15A47001BFE84CF00A756D2 /* sci */,
				C15A46FE1BFE7E1C00A756D2 /* README.md */,
				C15A46FF1BFE7E1C00A756D2 /* LICENSE */,
				C15A46F91BFE3D1400A756D2 /* tests */,
				C15A46F61BFE36F300A756D2 /* defaults.mk */,
				C15A46F41BFE366900A756D2 /* Makefile */,
				C15A46F01BFE250000A756D2 /* tools */,
			);
			sourceTree = "<group>";
		};
		C15A46F01BFE250000A756D2 /* tools */ = {
			isa = PBXGroup;
			children = (
				C15A46F51BFE36B400A756D2 /* Makefile */,
				C15A46EE1BFE24F900A756D2 /* Decompressor.cpp */,
				C15A46EF1BFE24F900A756D2 /* Decompressor.hpp */,
				C15A46F11BFE265400A756D2 /* DecompressorSource.cpp */,
				C15A46F21BFE265400A756D2 /* DecompressorSource.hpp */,
				C15A46FB1BFE4FDE00A756D2 /* LzsDecompressor.cpp */,
				C15A46FC1BFE4FDE00A756D2 /* LzsDecompressor.hpp */,
				C15A47251C03B71200A756D2 /* Endians.cpp */,
				C15A47261C03B71200A756D2 /* Endians.hpp */,
				C15A474E1C0EAE4900A756D2 /* Binary.cpp */,
				C15A474F1C0EAE4900A756D2 /* Binary.hpp */,
			);
			name = tools;
			sourceTree = "<group>";
		};
		C15A46F91BFE3D1400A756D2 /* tests */ = {
			isa = PBXGroup;
			children = (
				C15A46FA1BFE3D3800A756D2 /* Makefile */,
				C15A46F81BFE3D0B00A756D2 /* test_decompressormemorysource.cpp */,
				C15A46FD1BFE5DEB00A756D2 /* test_lzsdecompressor.cpp */,
				C15A471A1BFFCB3E00A756D2 /* test_decompressorfilesource.cpp */,
				C15A473E1C065C7300A756D2 /* test_vm.cpp */,
				C15A47451C0CFE7C00A756D2 /* test_memorymanager.cpp */,
				C15A474A1C0E119A00A756D2 /* test_bitwisetrie.cpp */,
				C15A474D1C0E276700A756D2 /* test_bitwisetrie2.cpp */,
			);
			name = tests;
			sourceTree = "<group>";
		};
		C15A47001BFE84CF00A756D2 /* sci */ = {
			isa = PBXGroup;
			children = (
				C15A47031BFE87D100A756D2 /* Makefile */,
				C15A47011BFE85DB00A756D2 /* Sci32ResourceFileScanner.cpp */,
				C15A47021BFE85DB00A756D2 /* Sci32ResourceFileScanner.hpp */,
				C15A47161BFF860000A756D2 /* Sci32Picture.cpp */,
				C15A47171BFF860000A756D2 /* Sci32Picture.hpp */,
				C15A47181BFF87D100A756D2 /* Sci32PictureCel.cpp */,
				C15A47191BFF87D100A756D2 /* Sci32PictureCel.hpp */,
				C15A471B1BFFD7FC00A756D2 /* ResourceManager.cpp */,
				C15A471C1BFFD7FC00A756D2 /* ResourceManager.hpp */,
				C15A47201BFFE4CF00A756D2 /* Sci32PictureLoader.cpp */,
				C15A47211BFFE4CF00A756D2 /* Sci32PictureLoader.hpp */,
				C15A47271C04C97A00A756D2 /* Sci32View.cpp */,
				C15A47281C04C97A00A756D2 /* Sci32View.hpp */,
				C15A47291C04CB1E00A756D2 /* Sci32ViewCel.cpp */,
				C15A472A1C04CB1E00A756D2 /* Sci32ViewCel.hpp */,
				C15A472B1C04CB4D00A756D2 /* Sci32Cel.cpp */,
				C15A472C1C04CB4D00A756D2 /* Sci32Cel.hpp */,
				C15A472D1C04D04700A756D2 /* Sci32ViewLoader.cpp */,
				C15A472E1C04D04700A756D2 /* Sci32ViewLoader.hpp */,
				C15A472F1C04F4C600A756D2 /* Sci32PaletteLoader.cpp */,
				C15A47301C04F4C600A756D2 /* Sci32PaletteLoader.hpp */,
				C15A47361C05F87400A756D2 /* Sci32Script.cpp */,
				C15A47371C05F87400A756D2 /* Sci32Script.hpp */,
				C15A47381C0602A400A756D2 /* Sci32ScriptLoader.cpp */,
				C15A47391C0602A400A756D2 /* Sci32ScriptLoader.hpp */,
				C15A473A1C0604B100A756D2 /* Sci32ScriptWriter.cpp */,
				C15A473B1C0604B100A756D2 /* Sci32ScriptWriter.hpp */,
			);
			name = sci;
			sourceTree = "<group>";
		};
		C15A47061BFEBE3400A756D2 /* docs */ = {
			isa = PBXGroup;
			children = (
				C15A47071BFEBE5900A756D2 /* picture.txt */,
				C15A47081BFECFF600A756D2 /* resource.txt */,
				C15A47091BFED22A00A756D2 /* references.txt */,
				C15A47241C02592E00A756D2 /* view.txt */,
				C15A47311C0521F000A756D2 /* script.txt */,
			);
			name = docs;
			sourceTree = "<group>";
		};
		C15A470A1BFF631700A756D2 /* vm */ = {
			isa = PBXGroup;
			children = (
				C15A47351C05683200A756D2 /* Makefile */,
				C15A470B1BFF638A00A756D2 /* instructions.inc */,
				C15A47321C055E5200A756D2 /* createops.cpp */,
				C15A47331C0564D500A756D2 /* Instruction.cpp */,
				C15A47341C0564D500A756D2 /* Instruction.hpp */,
				C15A473C1C06592400A756D2 /* VM.cpp */,
				C15A473D1C06592400A756D2 /* VM.hpp */,
				C15A47431C0CB06F00A756D2 /* MemoryManager.cpp */,
				C15A47441C0CB06F00A756D2 /* MemoryManager.hpp */,
			);
			name = vm;
			sourceTree = "<group>";
		};
		C15A470C1BFF7A5500A756D2 /* graphics */ = {
			isa = PBXGroup;
			children = (
				C15A470F1BFF7B9000A756D2 /* Makefile */,
				C15A470D1BFF7A7A00A756D2 /* Palette.cpp */,
				C15A470E1BFF7A7A00A756D2 /* Palette.hpp */,
				C15A47101BFF7C0800A756D2 /* Color.cpp */,
				C15A47111BFF7C0800A756D2 /* Color.hpp */,
				C15A47121BFF7D4600A756D2 /* PixelBuffer.cpp */,
				C15A47131BFF7D4600A756D2 /* PixelBuffer.hpp */,
				C15A47141BFF844E00A756D2 /* Image.cpp */,
				C15A47151BFF844E00A756D2 /* Image.hpp */,
				C15A47221C00CFD000A756D2 /* ImageSaver.cpp */,
				C15A47231C00CFD000A756D2 /* ImageSaver.hpp */,
			);
			name = graphics;
			sourceTree = "<group>";
		};
		C15A471D1BFFE0AB00A756D2 /* io */ = {
			isa = PBXGroup;
			children = (
				C15A471F1BFFE0FE00A756D2 /* Reader.hpp */,
			);
			name = io;
			sourceTree = "<group>";
		};
		C15A47461C0E023C00A756D2 /* utils */ = {
			isa = PBXGroup;
			children = (
				C15A47491C0E10C000A756D2 /* Makefile */,
				C15A47471C0E026800A756D2 /* BitWiseTrie.cpp */,
				C15A47481C0E026800A756D2 /* BitWiseTrie.hpp */,
				C15A474B1C0E23E000A756D2 /* BitWiseTrie2.cpp */,
				C15A474C1C0E23E000A756D2 /* BitWiseTrie2.hpp */,
			);
			name = utils;
			sourceTree = "<group>";
		};
/* End PBXGroup section */

/* Begin PBXLegacyTarget section */
		C15A46E81BFE247A00A756D2 /* Scissum */ = {
			isa = PBXLegacyTarget;
			buildArgumentsString = "$(ACTION)";
			buildConfigurationList = C15A46EB1BFE247A00A756D2 /* Build configuration list for PBXLegacyTarget "Scissum" */;
			buildPhases = (
			);
			buildToolPath = /usr/bin/make;
			dependencies = (
			);
			name = Scissum;
			passBuildSettingsInEnvironment = 1;
			productName = Scissum;
		};
/* End PBXLegacyTarget section */

/* Begin PBXProject section */
		C15A46E41BFE247A00A756D2 /* Project object */ = {
			isa = PBXProject;
			attributes = {
				LastUpgradeCheck = 0710;
				ORGANIZATIONNAME = MVDS;
				TargetAttributes = {
					C15A46E81BFE247A00A756D2 = {
						CreatedOnToolsVersion = 7.1;
					};
				};
			};
			buildConfigurationList = C15A46E71BFE247A00A756D2 /* Build configuration list for PBXProject "Scissum" */;
			compatibilityVersion = "Xcode 3.2";
			developmentRegion = English;
			hasScannedForEncodings = 0;
			knownRegions = (
				en,
			);
			mainGroup = C15A46E31BFE247A00A756D2;
			projectDirPath = "";
			projectRoot = "";
			targets = (
				C15A46E81BFE247A00A756D2 /* Scissum */,
			);
		};
/* End PBXProject section */

/* Begin XCBuildConfiguration section */
		C15A46E91BFE247A00A756D2 /* Debug */ = {
			isa = XCBuildConfiguration;
			buildSettings = {
				ALWAYS_SEARCH_USER_PATHS = NO;
				CLANG_CXX_LANGUAGE_STANDARD = "gnu++0x";
				CLANG_CXX_LIBRARY = "libc++";
				CLANG_ENABLE_MODULES = YES;
				CLANG_ENABLE_OBJC_ARC = YES;
				CLANG_WARN_BOOL_CONVERSION = YES;
				CLANG_WARN_CONSTANT_CONVERSION = YES;
				CLANG_WARN_DIRECT_OBJC_ISA_USAGE = YES_ERROR;
				CLANG_WARN_EMPTY_BODY = YES;
				CLANG_WARN_ENUM_CONVERSION = YES;
				CLANG_WARN_INT_CONVERSION = YES;
				CLANG_WARN_OBJC_ROOT_CLASS = YES_ERROR;
				CLANG_WARN_UNREACHABLE_CODE = YES;
				CLANG_WARN__DUPLICATE_METHOD_MATCH = YES;
				COPY_PHASE_STRIP = NO;
				DEBUG_INFORMATION_FORMAT = dwarf;
				ENABLE_STRICT_OBJC_MSGSEND = YES;
				ENABLE_TESTABILITY = YES;
				GCC_C_LANGUAGE_STANDARD = gnu99;
				GCC_DYNAMIC_NO_PIC = NO;
				GCC_NO_COMMON_BLOCKS = YES;
				GCC_OPTIMIZATION_LEVEL = 0;
				GCC_PREPROCESSOR_DEFINITIONS = (
					"DEBUG=1",
					"$(inherited)",
				);
				GCC_WARN_64_TO_32_BIT_CONVERSION = YES;
				GCC_WARN_ABOUT_RETURN_TYPE = YES_ERROR;
				GCC_WARN_UNDECLARED_SELECTOR = YES;
				GCC_WARN_UNINITIALIZED_AUTOS = YES_AGGRESSIVE;
				GCC_WARN_UNUSED_FUNCTION = YES;
				GCC_WARN_UNUSED_VARIABLE = YES;
				MTL_ENABLE_DEBUG_INFO = YES;
				ONLY_ACTIVE_ARCH = YES;
			};
			name = Debug;
		};
		C15A46EA1BFE247A00A756D2 /* Release */ = {
			isa = XCBuildConfiguration;
			buildSettings = {
				ALWAYS_SEARCH_USER_PATHS = NO;
				CLANG_CXX_LANGUAGE_STANDARD = "gnu++0x";
				CLANG_CXX_LIBRARY = "libc++";
				CLANG_ENABLE_MODULES = YES;
				CLANG_ENABLE_OBJC_ARC = YES;
				CLANG_WARN_BOOL_CONVERSION = YES;
				CLANG_WARN_CONSTANT_CONVERSION = YES;
				CLANG_WARN_DIRECT_OBJC_ISA_USAGE = YES_ERROR;
				CLANG_WARN_EMPTY_BODY = YES;
				CLANG_WARN_ENUM_CONVERSION = YES;
				CLANG_WARN_INT_CONVERSION = YES;
				CLANG_WARN_OBJC_ROOT_CLASS = YES_ERROR;
				CLANG_WARN_UNREACHABLE_CODE = YES;
				CLANG_WARN__DUPLICATE_METHOD_MATCH = YES;
				COPY_PHASE_STRIP = NO;
				DEBUG_INFORMATION_FORMAT = "dwarf-with-dsym";
				ENABLE_NS_ASSERTIONS = NO;
				ENABLE_STRICT_OBJC_MSGSEND = YES;
				GCC_C_LANGUAGE_STANDARD = gnu99;
				GCC_NO_COMMON_BLOCKS = YES;
				GCC_WARN_64_TO_32_BIT_CONVERSION = YES;
				GCC_WARN_ABOUT_RETURN_TYPE = YES_ERROR;
				GCC_WARN_UNDECLARED_SELECTOR = YES;
				GCC_WARN_UNINITIALIZED_AUTOS = YES_AGGRESSIVE;
				GCC_WARN_UNUSED_FUNCTION = YES;
				GCC_WARN_UNUSED_VARIABLE = YES;
				MTL_ENABLE_DEBUG_INFO = NO;
			};
			name = Release;
		};
		C15A46EC1BFE247A00A756D2 /* Debug */ = {
			isa = XCBuildConfiguration;
			buildSettings = {
				DEBUGGING_SYMBOLS = YES;
				DEBUG_INFORMATION_FORMAT = dwarf;
				GCC_GENERATE_DEBUGGING_SYMBOLS = YES;
				GCC_OPTIMIZATION_LEVEL = 0;
				OTHER_CFLAGS = "-Isrc/";
				OTHER_LDFLAGS = "";
				PRODUCT_NAME = "$(TARGET_NAME)";
			};
			name = Debug;
		};
		C15A46ED1BFE247A00A756D2 /* Release */ = {
			isa = XCBuildConfiguration;
			buildSettings = {
				DEBUG_INFORMATION_FORMAT = "dwarf-with-dsym";
				OTHER_CFLAGS = "-Isrc/";
				OTHER_LDFLAGS = "";
				PRODUCT_NAME = "$(TARGET_NAME)";
			};
			name = Release;
		};
/* End XCBuildConfiguration section */

/* Begin XCConfigurationList section */
		C15A46E71BFE247A00A756D2 /* Build configuration list for PBXProject "Scissum" */ = {
			isa = XCConfigurationList;
			buildConfigurations = (
				C15A46E91BFE247A00A756D2 /* Debug */,
				C15A46EA1BFE247A00A756D2 /* Release */,
			);
			defaultConfigurationIsVisible = 0;
			defaultConfigurationName = Release;
		};
		C15A46EB1BFE247A00A756D2 /* Build configuration list for PBXLegacyTarget "Scissum" */ = {
			isa = XCConfigurationList;
			buildConfigurations = (
				C15A46EC1BFE247A00A756D2 /* Debug */,
				C15A46ED1BFE247A00A756D2 /* Release */,
			);
			defaultConfigurationIsVisible = 0;
			defaultConfigurationName = Release;
		};
/* End XCConfigurationList section */
	};
	rootObject = C15A46E41BFE247A00A756D2 /* Project object */;
}
